// !$*UTF8*$!
{
	archiveVersion = 1;
	classes = {
	};
	objectVersion = 46;
	objects = {

/* Begin PBXBuildFile section */
		081AA3271DC9E82D0003D72B /* SetPasswordViewController.m in Sources */ = {isa = PBXBuildFile; fileRef = 081AA3261DC9E82D0003D72B /* SetPasswordViewController.m */; };
		081AA32A1DC9F9070003D72B /* AddDeviceViewController.m in Sources */ = {isa = PBXBuildFile; fileRef = 081AA3291DC9F9070003D72B /* AddDeviceViewController.m */; };
		081AA32D1DC9F9270003D72B /* IntellectAddViewController.m in Sources */ = {isa = PBXBuildFile; fileRef = 081AA32C1DC9F9270003D72B /* IntellectAddViewController.m */; };
		081AA3311DCA18CA0003D72B /* mtButton.m in Sources */ = {isa = PBXBuildFile; fileRef = 081AA3301DCA18CA0003D72B /* mtButton.m */; };
		085492731DCAD61500D3E08B /* QuartzCore.framework in Frameworks */ = {isa = PBXBuildFile; fileRef = 085492721DCAD61500D3E08B /* QuartzCore.framework */; };
		085492791DCAD70200D3E08B /* XHToast.m in Sources */ = {isa = PBXBuildFile; fileRef = 085492781DCAD70200D3E08B /* XHToast.m */; };
		0854927F1DCAEAD100D3E08B /* MtTextField.m in Sources */ = {isa = PBXBuildFile; fileRef = 0854927E1DCAEAD100D3E08B /* MtTextField.m */; };
		089E7A851DCCDCC90092E020 /* PopoverContextViewController.m in Sources */ = {isa = PBXBuildFile; fileRef = 089E7A841DCCDCC90092E020 /* PopoverContextViewController.m */; };
		089E7A881DCDB4560092E020 /* deviceString.m in Sources */ = {isa = PBXBuildFile; fileRef = 089E7A871DCDB4560092E020 /* deviceString.m */; };
		089E7A8D1DCDB9B30092E020 /* AsyncSocket.m in Sources */ = {isa = PBXBuildFile; fileRef = 089E7A8C1DCDB9B30092E020 /* AsyncSocket.m */; };
		089E7A901DCDB9FE0092E020 /* MTSocketController.m in Sources */ = {isa = PBXBuildFile; fileRef = 089E7A8F1DCDB9FE0092E020 /* MTSocketController.m */; };
		089E7A951DCDBA1C0092E020 /* libsmartlinklib_7x.a in Frameworks */ = {isa = PBXBuildFile; fileRef = 089E7A931DCDBA1C0092E020 /* libsmartlinklib_7x.a */; };
		08A4AA9B1DC1A12C00FA1DEB /* LoginViewController.m in Sources */ = {isa = PBXBuildFile; fileRef = 08A4AA9A1DC1A12C00FA1DEB /* LoginViewController.m */; };
		08E0FA051DB5FE6A00FC03F0 /* main.m in Sources */ = {isa = PBXBuildFile; fileRef = 08E0FA041DB5FE6A00FC03F0 /* main.m */; };
		08E0FA081DB5FE6A00FC03F0 /* AppDelegate.m in Sources */ = {isa = PBXBuildFile; fileRef = 08E0FA071DB5FE6A00FC03F0 /* AppDelegate.m */; };
		08E0FA0B1DB5FE6A00FC03F0 /* ViewController.m in Sources */ = {isa = PBXBuildFile; fileRef = 08E0FA0A1DB5FE6A00FC03F0 /* ViewController.m */; };
		08E0FA0E1DB5FE6A00FC03F0 /* Main.storyboard in Resources */ = {isa = PBXBuildFile; fileRef = 08E0FA0C1DB5FE6A00FC03F0 /* Main.storyboard */; };
		08E0FA131DB5FE6A00FC03F0 /* Assets.xcassets in Resources */ = {isa = PBXBuildFile; fileRef = 08E0FA121DB5FE6A00FC03F0 /* Assets.xcassets */; };
		08E0FA161DB5FE6A00FC03F0 /* LaunchScreen.storyboard in Resources */ = {isa = PBXBuildFile; fileRef = 08E0FA141DB5FE6A00FC03F0 /* LaunchScreen.storyboard */; };
		08E0FA211DB5FE6B00FC03F0 /* frachiCustomizeTests.m in Sources */ = {isa = PBXBuildFile; fileRef = 08E0FA201DB5FE6B00FC03F0 /* frachiCustomizeTests.m */; };
		08E0FA2C1DB5FE6B00FC03F0 /* frachiCustomizeUITests.m in Sources */ = {isa = PBXBuildFile; fileRef = 08E0FA2B1DB5FE6B00FC03F0 /* frachiCustomizeUITests.m */; };
		08E66A7D1DC8410A00141A56 /* DetailViewController.m in Sources */ = {isa = PBXBuildFile; fileRef = 08E66A7C1DC8410A00141A56 /* DetailViewController.m */; };
		08E66A801DC8415800141A56 /* MasterViewController.m in Sources */ = {isa = PBXBuildFile; fileRef = 08E66A7F1DC8415800141A56 /* MasterViewController.m */; };
		08E66A861DC88D2400141A56 /* CoreData.framework in Frameworks */ = {isa = PBXBuildFile; fileRef = 08E66A851DC88D2400141A56 /* CoreData.framework */; };
		08E66AA71DC8BC9F00141A56 /* User.m in Sources */ = {isa = PBXBuildFile; fileRef = 08E66AA61DC8BC9F00141A56 /* User.m */; };
		08E66AAE1DC8C55500141A56 /* libc++.tbd in Frameworks */ = {isa = PBXBuildFile; fileRef = 08E66AAD1DC8C55500141A56 /* libc++.tbd */; };
		08E66AB11DC8CA5500141A56 /* Device.m in Sources */ = {isa = PBXBuildFile; fileRef = 08E66AB01DC8CA5500141A56 /* Device.m */; };
		08E66AB31DC9C12D00141A56 /* Realm.framework in Frameworks */ = {isa = PBXBuildFile; fileRef = 08E66AAA1DC8C49100141A56 /* Realm.framework */; };
		08E78A931DCB6A2F00BBA069 /* DeviceDetailViewController.m in Sources */ = {isa = PBXBuildFile; fileRef = 08E78A921DCB6A2F00BBA069 /* DeviceDetailViewController.m */; };
		08F6EACB1DBEF3F6007B2C7A /* bg.jpg in Resources */ = {isa = PBXBuildFile; fileRef = 08F6EACA1DBEF3F6007B2C7A /* bg.jpg */; };
/* End PBXBuildFile section */

/* Begin PBXContainerItemProxy section */
		08E0FA1D1DB5FE6B00FC03F0 /* PBXContainerItemProxy */ = {
			isa = PBXContainerItemProxy;
			containerPortal = 08E0F9F81DB5FE6900FC03F0 /* Project object */;
			proxyType = 1;
			remoteGlobalIDString = 08E0F9FF1DB5FE6900FC03F0;
			remoteInfo = frachiCustomize;
		};
		08E0FA281DB5FE6B00FC03F0 /* PBXContainerItemProxy */ = {
			isa = PBXContainerItemProxy;
			containerPortal = 08E0F9F81DB5FE6900FC03F0 /* Project object */;
			proxyType = 1;
			remoteGlobalIDString = 08E0F9FF1DB5FE6900FC03F0;
			remoteInfo = frachiCustomize;
		};
/* End PBXContainerItemProxy section */

/* Begin PBXFileReference section */
		081AA3251DC9E82D0003D72B /* SetPasswordViewController.h */ = {isa = PBXFileReference; fileEncoding = 4; lastKnownFileType = sourcecode.c.h; path = SetPasswordViewController.h; sourceTree = "<group>"; };
		081AA3261DC9E82D0003D72B /* SetPasswordViewController.m */ = {isa = PBXFileReference; fileEncoding = 4; lastKnownFileType = sourcecode.c.objc; path = SetPasswordViewController.m; sourceTree = "<group>"; };
		081AA3281DC9F9070003D72B /* AddDeviceViewController.h */ = {isa = PBXFileReference; fileEncoding = 4; lastKnownFileType = sourcecode.c.h; path = AddDeviceViewController.h; sourceTree = "<group>"; };
		081AA3291DC9F9070003D72B /* AddDeviceViewController.m */ = {isa = PBXFileReference; fileEncoding = 4; lastKnownFileType = sourcecode.c.objc; path = AddDeviceViewController.m; sourceTree = "<group>"; };
		081AA32B1DC9F9270003D72B /* IntellectAddViewController.h */ = {isa = PBXFileReference; fileEncoding = 4; lastKnownFileType = sourcecode.c.h; path = IntellectAddViewController.h; sourceTree = "<group>"; };
		081AA32C1DC9F9270003D72B /* IntellectAddViewController.m */ = {isa = PBXFileReference; fileEncoding = 4; lastKnownFileType = sourcecode.c.objc; path = IntellectAddViewController.m; sourceTree = "<group>"; };
		081AA32F1DCA18CA0003D72B /* mtButton.h */ = {isa = PBXFileReference; fileEncoding = 4; lastKnownFileType = sourcecode.c.h; path = mtButton.h; sourceTree = "<group>"; };
		081AA3301DCA18CA0003D72B /* mtButton.m */ = {isa = PBXFileReference; fileEncoding = 4; lastKnownFileType = sourcecode.c.objc; path = mtButton.m; sourceTree = "<group>"; };
		085492721DCAD61500D3E08B /* QuartzCore.framework */ = {isa = PBXFileReference; lastKnownFileType = wrapper.framework; name = QuartzCore.framework; path = System/Library/Frameworks/QuartzCore.framework; sourceTree = SDKROOT; };
		085492771DCAD70200D3E08B /* XHToast.h */ = {isa = PBXFileReference; fileEncoding = 4; lastKnownFileType = sourcecode.c.h; path = XHToast.h; sourceTree = "<group>"; };
		085492781DCAD70200D3E08B /* XHToast.m */ = {isa = PBXFileReference; fileEncoding = 4; lastKnownFileType = sourcecode.c.objc; path = XHToast.m; sourceTree = "<group>"; };
		0854927D1DCAEAD100D3E08B /* MtTextField.h */ = {isa = PBXFileReference; fileEncoding = 4; lastKnownFileType = sourcecode.c.h; path = MtTextField.h; sourceTree = "<group>"; };
		0854927E1DCAEAD100D3E08B /* MtTextField.m */ = {isa = PBXFileReference; fileEncoding = 4; lastKnownFileType = sourcecode.c.objc; path = MtTextField.m; sourceTree = "<group>"; };
		089E7A831DCCDCC90092E020 /* PopoverContextViewController.h */ = {isa = PBXFileReference; fileEncoding = 4; lastKnownFileType = sourcecode.c.h; path = PopoverContextViewController.h; sourceTree = "<group>"; };
		089E7A841DCCDCC90092E020 /* PopoverContextViewController.m */ = {isa = PBXFileReference; fileEncoding = 4; lastKnownFileType = sourcecode.c.objc; path = PopoverContextViewController.m; sourceTree = "<group>"; };
		089E7A861DCDB4560092E020 /* deviceString.h */ = {isa = PBXFileReference; fileEncoding = 4; lastKnownFileType = sourcecode.c.h; path = deviceString.h; sourceTree = "<group>"; };
		089E7A871DCDB4560092E020 /* deviceString.m */ = {isa = PBXFileReference; fileEncoding = 4; lastKnownFileType = sourcecode.c.objc; path = deviceString.m; sourceTree = "<group>"; };
		089E7A8B1DCDB9B30092E020 /* AsyncSocket.h */ = {isa = PBXFileReference; fileEncoding = 4; lastKnownFileType = sourcecode.c.h; path = AsyncSocket.h; sourceTree = "<group>"; };
		089E7A8C1DCDB9B30092E020 /* AsyncSocket.m */ = {isa = PBXFileReference; fileEncoding = 4; lastKnownFileType = sourcecode.c.objc; path = AsyncSocket.m; sourceTree = "<group>"; };
		089E7A8E1DCDB9FE0092E020 /* MTSocketController.h */ = {isa = PBXFileReference; fileEncoding = 4; lastKnownFileType = sourcecode.c.h; path = MTSocketController.h; sourceTree = "<group>"; };
		089E7A8F1DCDB9FE0092E020 /* MTSocketController.m */ = {isa = PBXFileReference; fileEncoding = 4; lastKnownFileType = sourcecode.c.objc; path = MTSocketController.m; sourceTree = "<group>"; };
		089E7A911DCDBA1C0092E020 /* HFSmartLink.h */ = {isa = PBXFileReference; fileEncoding = 4; lastKnownFileType = sourcecode.c.h; path = HFSmartLink.h; sourceTree = "<group>"; };
		089E7A921DCDBA1C0092E020 /* HFSmartLinkDeviceInfo.h */ = {isa = PBXFileReference; fileEncoding = 4; lastKnownFileType = sourcecode.c.h; path = HFSmartLinkDeviceInfo.h; sourceTree = "<group>"; };
		089E7A931DCDBA1C0092E020 /* libsmartlinklib_7x.a */ = {isa = PBXFileReference; lastKnownFileType = archive.ar; path = libsmartlinklib_7x.a; sourceTree = "<group>"; };
		089E7A941DCDBA1C0092E020 /* smartlinklib_7x.h */ = {isa = PBXFileReference; fileEncoding = 4; lastKnownFileType = sourcecode.c.h; path = smartlinklib_7x.h; sourceTree = "<group>"; };
		08A4AA991DC1A12C00FA1DEB /* LoginViewController.h */ = {isa = PBXFileReference; fileEncoding = 4; lastKnownFileType = sourcecode.c.h; path = LoginViewController.h; sourceTree = "<group>"; };
		08A4AA9A1DC1A12C00FA1DEB /* LoginViewController.m */ = {isa = PBXFileReference; fileEncoding = 4; lastKnownFileType = sourcecode.c.objc; path = LoginViewController.m; sourceTree = "<group>"; };
		08E0FA001DB5FE6A00FC03F0 /* frachiCustomize.app */ = {isa = PBXFileReference; explicitFileType = wrapper.application; includeInIndex = 0; path = frachiCustomize.app; sourceTree = BUILT_PRODUCTS_DIR; };
		08E0FA041DB5FE6A00FC03F0 /* main.m */ = {isa = PBXFileReference; lastKnownFileType = sourcecode.c.objc; path = main.m; sourceTree = "<group>"; };
		08E0FA061DB5FE6A00FC03F0 /* AppDelegate.h */ = {isa = PBXFileReference; lastKnownFileType = sourcecode.c.h; path = AppDelegate.h; sourceTree = "<group>"; };
		08E0FA071DB5FE6A00FC03F0 /* AppDelegate.m */ = {isa = PBXFileReference; lastKnownFileType = sourcecode.c.objc; path = AppDelegate.m; sourceTree = "<group>"; };
		08E0FA091DB5FE6A00FC03F0 /* ViewController.h */ = {isa = PBXFileReference; lastKnownFileType = sourcecode.c.h; path = ViewController.h; sourceTree = "<group>"; };
		08E0FA0A1DB5FE6A00FC03F0 /* ViewController.m */ = {isa = PBXFileReference; lastKnownFileType = sourcecode.c.objc; path = ViewController.m; sourceTree = "<group>"; };
		08E0FA0D1DB5FE6A00FC03F0 /* Base */ = {isa = PBXFileReference; lastKnownFileType = file.storyboard; name = Base; path = Base.lproj/Main.storyboard; sourceTree = "<group>"; };
		08E0FA121DB5FE6A00FC03F0 /* Assets.xcassets */ = {isa = PBXFileReference; lastKnownFileType = folder.assetcatalog; path = Assets.xcassets; sourceTree = "<group>"; };
		08E0FA151DB5FE6A00FC03F0 /* Base */ = {isa = PBXFileReference; lastKnownFileType = file.storyboard; name = Base; path = Base.lproj/LaunchScreen.storyboard; sourceTree = "<group>"; };
		08E0FA171DB5FE6A00FC03F0 /* Info.plist */ = {isa = PBXFileReference; lastKnownFileType = text.plist.xml; path = Info.plist; sourceTree = "<group>"; };
		08E0FA1C1DB5FE6B00FC03F0 /* frachiCustomizeTests.xctest */ = {isa = PBXFileReference; explicitFileType = wrapper.cfbundle; includeInIndex = 0; path = frachiCustomizeTests.xctest; sourceTree = BUILT_PRODUCTS_DIR; };
		08E0FA201DB5FE6B00FC03F0 /* frachiCustomizeTests.m */ = {isa = PBXFileReference; lastKnownFileType = sourcecode.c.objc; path = frachiCustomizeTests.m; sourceTree = "<group>"; };
		08E0FA221DB5FE6B00FC03F0 /* Info.plist */ = {isa = PBXFileReference; lastKnownFileType = text.plist.xml; path = Info.plist; sourceTree = "<group>"; };
		08E0FA271DB5FE6B00FC03F0 /* frachiCustomizeUITests.xctest */ = {isa = PBXFileReference; explicitFileType = wrapper.cfbundle; includeInIndex = 0; path = frachiCustomizeUITests.xctest; sourceTree = BUILT_PRODUCTS_DIR; };
		08E0FA2B1DB5FE6B00FC03F0 /* frachiCustomizeUITests.m */ = {isa = PBXFileReference; lastKnownFileType = sourcecode.c.objc; path = frachiCustomizeUITests.m; sourceTree = "<group>"; };
		08E0FA2D1DB5FE6B00FC03F0 /* Info.plist */ = {isa = PBXFileReference; lastKnownFileType = text.plist.xml; path = Info.plist; sourceTree = "<group>"; };
		08E66A7B1DC8410A00141A56 /* DetailViewController.h */ = {isa = PBXFileReference; fileEncoding = 4; lastKnownFileType = sourcecode.c.h; path = DetailViewController.h; sourceTree = "<group>"; };
		08E66A7C1DC8410A00141A56 /* DetailViewController.m */ = {isa = PBXFileReference; fileEncoding = 4; lastKnownFileType = sourcecode.c.objc; path = DetailViewController.m; sourceTree = "<group>"; };
		08E66A7E1DC8415800141A56 /* MasterViewController.h */ = {isa = PBXFileReference; fileEncoding = 4; lastKnownFileType = sourcecode.c.h; path = MasterViewController.h; sourceTree = "<group>"; };
		08E66A7F1DC8415800141A56 /* MasterViewController.m */ = {isa = PBXFileReference; fileEncoding = 4; lastKnownFileType = sourcecode.c.objc; path = MasterViewController.m; sourceTree = "<group>"; };
		08E66A851DC88D2400141A56 /* CoreData.framework */ = {isa = PBXFileReference; lastKnownFileType = wrapper.framework; name = CoreData.framework; path = System/Library/Frameworks/CoreData.framework; sourceTree = SDKROOT; };
		08E66AA51DC8BC9F00141A56 /* User.h */ = {isa = PBXFileReference; fileEncoding = 4; lastKnownFileType = sourcecode.c.h; path = User.h; sourceTree = "<group>"; };
		08E66AA61DC8BC9F00141A56 /* User.m */ = {isa = PBXFileReference; fileEncoding = 4; lastKnownFileType = sourcecode.c.objc; path = User.m; sourceTree = "<group>"; };
		08E66AAA1DC8C49100141A56 /* Realm.framework */ = {isa = PBXFileReference; lastKnownFileType = wrapper.framework; path = Realm.framework; sourceTree = "<group>"; };
		08E66AAD1DC8C55500141A56 /* libc++.tbd */ = {isa = PBXFileReference; lastKnownFileType = "sourcecode.text-based-dylib-definition"; name = "libc++.tbd"; path = "usr/lib/libc++.tbd"; sourceTree = SDKROOT; };
		08E66AAF1DC8CA5500141A56 /* Device.h */ = {isa = PBXFileReference; fileEncoding = 4; lastKnownFileType = sourcecode.c.h; path = Device.h; sourceTree = "<group>"; };
		08E66AB01DC8CA5500141A56 /* Device.m */ = {isa = PBXFileReference; fileEncoding = 4; lastKnownFileType = sourcecode.c.objc; path = Device.m; sourceTree = "<group>"; };
		08E78A911DCB6A2F00BBA069 /* DeviceDetailViewController.h */ = {isa = PBXFileReference; fileEncoding = 4; lastKnownFileType = sourcecode.c.h; path = DeviceDetailViewController.h; sourceTree = "<group>"; };
		08E78A921DCB6A2F00BBA069 /* DeviceDetailViewController.m */ = {isa = PBXFileReference; fileEncoding = 4; lastKnownFileType = sourcecode.c.objc; path = DeviceDetailViewController.m; sourceTree = "<group>"; };
		08F6EACA1DBEF3F6007B2C7A /* bg.jpg */ = {isa = PBXFileReference; lastKnownFileType = image.jpeg; path = bg.jpg; sourceTree = "<group>"; };
/* End PBXFileReference section */

/* Begin PBXFrameworksBuildPhase section */
		08E0F9FD1DB5FE6900FC03F0 /* Frameworks */ = {
			isa = PBXFrameworksBuildPhase;
			buildActionMask = 2147483647;
			files = (
				085492731DCAD61500D3E08B /* QuartzCore.framework in Frameworks */,
				08E66AB31DC9C12D00141A56 /* Realm.framework in Frameworks */,
				08E66AAE1DC8C55500141A56 /* libc++.tbd in Frameworks */,
				08E66A861DC88D2400141A56 /* CoreData.framework in Frameworks */,
				089E7A951DCDBA1C0092E020 /* libsmartlinklib_7x.a in Frameworks */,
			);
			runOnlyForDeploymentPostprocessing = 0;
		};
		08E0FA191DB5FE6B00FC03F0 /* Frameworks */ = {
			isa = PBXFrameworksBuildPhase;
			buildActionMask = 2147483647;
			files = (
			);
			runOnlyForDeploymentPostprocessing = 0;
		};
		08E0FA241DB5FE6B00FC03F0 /* Frameworks */ = {
			isa = PBXFrameworksBuildPhase;
			buildActionMask = 2147483647;
			files = (
			);
			runOnlyForDeploymentPostprocessing = 0;
		};
/* End PBXFrameworksBuildPhase section */

/* Begin PBXGroup section */
		081AA32E1DCA18B20003D72B /* Other */ = {
			isa = PBXGroup;
			children = (
				089E7A861DCDB4560092E020 /* deviceString.h */,
				089E7A871DCDB4560092E020 /* deviceString.m */,
				085492771DCAD70200D3E08B /* XHToast.h */,
				085492781DCAD70200D3E08B /* XHToast.m */,
				081AA32F1DCA18CA0003D72B /* mtButton.h */,
				081AA3301DCA18CA0003D72B /* mtButton.m */,
				0854927D1DCAEAD100D3E08B /* MtTextField.h */,
				0854927E1DCAEAD100D3E08B /* MtTextField.m */,
			);
			name = Other;
			sourceTree = "<group>";
		};
		085492711DCAD61500D3E08B /* Frameworks */ = {
			isa = PBXGroup;
			children = (
				085492721DCAD61500D3E08B /* QuartzCore.framework */,
			);
			name = Frameworks;
			sourceTree = "<group>";
		};
		089E7A891DCDB9950092E020 /* Smart */ = {
			isa = PBXGroup;
			children = (
				089E7A911DCDBA1C0092E020 /* HFSmartLink.h */,
				089E7A921DCDBA1C0092E020 /* HFSmartLinkDeviceInfo.h */,
				089E7A931DCDBA1C0092E020 /* libsmartlinklib_7x.a */,
				089E7A941DCDBA1C0092E020 /* smartlinklib_7x.h */,
			);
			name = Smart;
			sourceTree = "<group>";
		};
		089E7A8A1DCDB99E0092E020 /* Socket */ = {
			isa = PBXGroup;
			children = (
				089E7A8E1DCDB9FE0092E020 /* MTSocketController.h */,
				089E7A8F1DCDB9FE0092E020 /* MTSocketController.m */,
				089E7A8B1DCDB9B30092E020 /* AsyncSocket.h */,
				089E7A8C1DCDB9B30092E020 /* AsyncSocket.m */,
			);
			name = Socket;
			sourceTree = "<group>";
		};
		08A4AA961DC07A4B00FA1DEB /* Model */ = {
			isa = PBXGroup;
			children = (
				08E66AA51DC8BC9F00141A56 /* User.h */,
				08E66AA61DC8BC9F00141A56 /* User.m */,
				08E66AAF1DC8CA5500141A56 /* Device.h */,
				08E66AB01DC8CA5500141A56 /* Device.m */,
			);
			name = Model;
			sourceTree = "<group>";
		};
		08A4AA971DC07A5600FA1DEB /* View */ = {
			isa = PBXGroup;
			children = (
				08E0FA0C1DB5FE6A00FC03F0 /* Main.storyboard */,
				08E0FA141DB5FE6A00FC03F0 /* LaunchScreen.storyboard */,
			);
			name = View;
			sourceTree = "<group>";
		};
		08A4AA981DC07A5C00FA1DEB /* Controller */ = {
			isa = PBXGroup;
			children = (
				08E66A771DC837C200141A56 /* set */,
				08E0FA091DB5FE6A00FC03F0 /* ViewController.h */,
				08E0FA0A1DB5FE6A00FC03F0 /* ViewController.m */,
				08A4AA991DC1A12C00FA1DEB /* LoginViewController.h */,
				08A4AA9A1DC1A12C00FA1DEB /* LoginViewController.m */,
				089E7A831DCCDCC90092E020 /* PopoverContextViewController.h */,
				089E7A841DCCDCC90092E020 /* PopoverContextViewController.m */,
			);
			name = Controller;
			sourceTree = "<group>";
		};
		08E0F9F71DB5FE6900FC03F0 = {
			isa = PBXGroup;
			children = (
				08E0FA021DB5FE6A00FC03F0 /* frachiCustomize */,
				08E0FA1F1DB5FE6B00FC03F0 /* frachiCustomizeTests */,
				08E0FA2A1DB5FE6B00FC03F0 /* frachiCustomizeUITests */,
				08E0FA011DB5FE6A00FC03F0 /* Products */,
				085492711DCAD61500D3E08B /* Frameworks */,
			);
			sourceTree = "<group>";
		};
		08E0FA011DB5FE6A00FC03F0 /* Products */ = {
			isa = PBXGroup;
			children = (
				08E0FA001DB5FE6A00FC03F0 /* frachiCustomize.app */,
				08E0FA1C1DB5FE6B00FC03F0 /* frachiCustomizeTests.xctest */,
				08E0FA271DB5FE6B00FC03F0 /* frachiCustomizeUITests.xctest */,
			);
			name = Products;
			sourceTree = "<group>";
		};
		08E0FA021DB5FE6A00FC03F0 /* frachiCustomize */ = {
			isa = PBXGroup;
			children = (
				089E7A8A1DCDB99E0092E020 /* Socket */,
				089E7A891DCDB9950092E020 /* Smart */,
				081AA32E1DCA18B20003D72B /* Other */,
				08E66A841DC88D2400141A56 /* Frameworks */,
				08A4AA981DC07A5C00FA1DEB /* Controller */,
				08A4AA971DC07A5600FA1DEB /* View */,
				08A4AA961DC07A4B00FA1DEB /* Model */,
				08E0FA061DB5FE6A00FC03F0 /* AppDelegate.h */,
				08E0FA071DB5FE6A00FC03F0 /* AppDelegate.m */,
				08E0FA121DB5FE6A00FC03F0 /* Assets.xcassets */,
				08E0FA031DB5FE6A00FC03F0 /* Supporting Files */,
			);
			path = frachiCustomize;
			sourceTree = "<group>";
		};
		08E0FA031DB5FE6A00FC03F0 /* Supporting Files */ = {
			isa = PBXGroup;
			children = (
				08E0FA171DB5FE6A00FC03F0 /* Info.plist */,
				08F6EACA1DBEF3F6007B2C7A /* bg.jpg */,
				08E0FA041DB5FE6A00FC03F0 /* main.m */,
			);
			name = "Supporting Files";
			sourceTree = "<group>";
		};
		08E0FA1F1DB5FE6B00FC03F0 /* frachiCustomizeTests */ = {
			isa = PBXGroup;
			children = (
				08E0FA201DB5FE6B00FC03F0 /* frachiCustomizeTests.m */,
				08E0FA221DB5FE6B00FC03F0 /* Info.plist */,
			);
			path = frachiCustomizeTests;
			sourceTree = "<group>";
		};
		08E0FA2A1DB5FE6B00FC03F0 /* frachiCustomizeUITests */ = {
			isa = PBXGroup;
			children = (
				08E0FA2B1DB5FE6B00FC03F0 /* frachiCustomizeUITests.m */,
				08E0FA2D1DB5FE6B00FC03F0 /* Info.plist */,
			);
			path = frachiCustomizeUITests;
			sourceTree = "<group>";
		};
		08E66A771DC837C200141A56 /* set */ = {
			isa = PBXGroup;
			children = (
				08E66A7B1DC8410A00141A56 /* DetailViewController.h */,
				08E66A7C1DC8410A00141A56 /* DetailViewController.m */,
				08E66A7E1DC8415800141A56 /* MasterViewController.h */,
				08E66A7F1DC8415800141A56 /* MasterViewController.m */,
				081AA3251DC9E82D0003D72B /* SetPasswordViewController.h */,
				081AA3261DC9E82D0003D72B /* SetPasswordViewController.m */,
				081AA3281DC9F9070003D72B /* AddDeviceViewController.h */,
				081AA3291DC9F9070003D72B /* AddDeviceViewController.m */,
				081AA32B1DC9F9270003D72B /* IntellectAddViewController.h */,
				081AA32C1DC9F9270003D72B /* IntellectAddViewController.m */,
				08E78A911DCB6A2F00BBA069 /* DeviceDetailViewController.h */,
				08E78A921DCB6A2F00BBA069 /* DeviceDetailViewController.m */,
			);
			name = set;
			sourceTree = "<group>";
		};
		08E66A841DC88D2400141A56 /* Frameworks */ = {
			isa = PBXGroup;
			children = (
				08E66AAD1DC8C55500141A56 /* libc++.tbd */,
				08E66AAA1DC8C49100141A56 /* Realm.framework */,
				08E66A851DC88D2400141A56 /* CoreData.framework */,
			);
			name = Frameworks;
			path = ..;
			sourceTree = "<group>";
		};
/* End PBXGroup section */

/* Begin PBXNativeTarget section */
		08E0F9FF1DB5FE6900FC03F0 /* frachiCustomize */ = {
			isa = PBXNativeTarget;
			buildConfigurationList = 08E0FA301DB5FE6B00FC03F0 /* Build configuration list for PBXNativeTarget "frachiCustomize" */;
			buildPhases = (
				08E0F9FC1DB5FE6900FC03F0 /* Sources */,
				08E0F9FD1DB5FE6900FC03F0 /* Frameworks */,
				08E0F9FE1DB5FE6900FC03F0 /* Resources */,
			);
			buildRules = (
			);
			dependencies = (
			);
			name = frachiCustomize;
			productName = frachiCustomize;
			productReference = 08E0FA001DB5FE6A00FC03F0 /* frachiCustomize.app */;
			productType = "com.apple.product-type.application";
		};
		08E0FA1B1DB5FE6B00FC03F0 /* frachiCustomizeTests */ = {
			isa = PBXNativeTarget;
			buildConfigurationList = 08E0FA331DB5FE6B00FC03F0 /* Build configuration list for PBXNativeTarget "frachiCustomizeTests" */;
			buildPhases = (
				08E0FA181DB5FE6B00FC03F0 /* Sources */,
				08E0FA191DB5FE6B00FC03F0 /* Frameworks */,
				08E0FA1A1DB5FE6B00FC03F0 /* Resources */,
			);
			buildRules = (
			);
			dependencies = (
				08E0FA1E1DB5FE6B00FC03F0 /* PBXTargetDependency */,
			);
			name = frachiCustomizeTests;
			productName = frachiCustomizeTests;
			productReference = 08E0FA1C1DB5FE6B00FC03F0 /* frachiCustomizeTests.xctest */;
			productType = "com.apple.product-type.bundle.unit-test";
		};
		08E0FA261DB5FE6B00FC03F0 /* frachiCustomizeUITests */ = {
			isa = PBXNativeTarget;
			buildConfigurationList = 08E0FA361DB5FE6B00FC03F0 /* Build configuration list for PBXNativeTarget "frachiCustomizeUITests" */;
			buildPhases = (
				08E0FA231DB5FE6B00FC03F0 /* Sources */,
				08E0FA241DB5FE6B00FC03F0 /* Frameworks */,
				08E0FA251DB5FE6B00FC03F0 /* Resources */,
			);
			buildRules = (
			);
			dependencies = (
				08E0FA291DB5FE6B00FC03F0 /* PBXTargetDependency */,
			);
			name = frachiCustomizeUITests;
			productName = frachiCustomizeUITests;
			productReference = 08E0FA271DB5FE6B00FC03F0 /* frachiCustomizeUITests.xctest */;
			productType = "com.apple.product-type.bundle.ui-testing";
		};
/* End PBXNativeTarget section */

/* Begin PBXProject section */
		08E0F9F81DB5FE6900FC03F0 /* Project object */ = {
			isa = PBXProject;
			attributes = {
				LastUpgradeCheck = 0800;
				ORGANIZATIONNAME = mmt;
				TargetAttributes = {
					08E0F9FF1DB5FE6900FC03F0 = {
						CreatedOnToolsVersion = 8.0;
						DevelopmentTeam = L2G75RLFR3;
						LastSwiftMigration = 0800;
						ProvisioningStyle = Automatic;
					};
					08E0FA1B1DB5FE6B00FC03F0 = {
						CreatedOnToolsVersion = 8.0;
						ProvisioningStyle = Automatic;
					};
					08E0FA261DB5FE6B00FC03F0 = {
						CreatedOnToolsVersion = 8.0;
						ProvisioningStyle = Automatic;
					};
				};
			};
			buildConfigurationList = 08E0F9FB1DB5FE6900FC03F0 /* Build configuration list for PBXProject "frachiCustomize" */;
			compatibilityVersion = "Xcode 3.2";
			developmentRegion = English;
			hasScannedForEncodings = 0;
			knownRegions = (
				en,
				Base,
			);
			mainGroup = 08E0F9F71DB5FE6900FC03F0;
			productRefGroup = 08E0FA011DB5FE6A00FC03F0 /* Products */;
			projectDirPath = "";
			projectRoot = "";
			targets = (
				08E0F9FF1DB5FE6900FC03F0 /* frachiCustomize */,
				08E0FA1B1DB5FE6B00FC03F0 /* frachiCustomizeTests */,
				08E0FA261DB5FE6B00FC03F0 /* frachiCustomizeUITests */,
			);
		};
/* End PBXProject section */

/* Begin PBXResourcesBuildPhase section */
		08E0F9FE1DB5FE6900FC03F0 /* Resources */ = {
			isa = PBXResourcesBuildPhase;
			buildActionMask = 2147483647;
			files = (
				08E0FA161DB5FE6A00FC03F0 /* LaunchScreen.storyboard in Resources */,
				08E0FA131DB5FE6A00FC03F0 /* Assets.xcassets in Resources */,
				08F6EACB1DBEF3F6007B2C7A /* bg.jpg in Resources */,
				08E0FA0E1DB5FE6A00FC03F0 /* Main.storyboard in Resources */,
			);
			runOnlyForDeploymentPostprocessing = 0;
		};
		08E0FA1A1DB5FE6B00FC03F0 /* Resources */ = {
			isa = PBXResourcesBuildPhase;
			buildActionMask = 2147483647;
			files = (
			);
			runOnlyForDeploymentPostprocessing = 0;
		};
		08E0FA251DB5FE6B00FC03F0 /* Resources */ = {
			isa = PBXResourcesBuildPhase;
			buildActionMask = 2147483647;
			files = (
			);
			runOnlyForDeploymentPostprocessing = 0;
		};
/* End PBXResourcesBuildPhase section */

/* Begin PBXSourcesBuildPhase section */
		08E0F9FC1DB5FE6900FC03F0 /* Sources */ = {
			isa = PBXSourcesBuildPhase;
			buildActionMask = 2147483647;
			files = (
				081AA3271DC9E82D0003D72B /* SetPasswordViewController.m in Sources */,
				08E0FA0B1DB5FE6A00FC03F0 /* ViewController.m in Sources */,
				08E0FA081DB5FE6A00FC03F0 /* AppDelegate.m in Sources */,
				081AA32D1DC9F9270003D72B /* IntellectAddViewController.m in Sources */,
				089E7A8D1DCDB9B30092E020 /* AsyncSocket.m in Sources */,
				081AA3311DCA18CA0003D72B /* mtButton.m in Sources */,
				08E66AB11DC8CA5500141A56 /* Device.m in Sources */,
				081AA32A1DC9F9070003D72B /* AddDeviceViewController.m in Sources */,
				08E0FA051DB5FE6A00FC03F0 /* main.m in Sources */,
				089E7A851DCCDCC90092E020 /* PopoverContextViewController.m in Sources */,
				08E78A931DCB6A2F00BBA069 /* DeviceDetailViewController.m in Sources */,
				0854927F1DCAEAD100D3E08B /* MtTextField.m in Sources */,
				08E66AA71DC8BC9F00141A56 /* User.m in Sources */,
				08A4AA9B1DC1A12C00FA1DEB /* LoginViewController.m in Sources */,
				085492791DCAD70200D3E08B /* XHToast.m in Sources */,
				08E66A7D1DC8410A00141A56 /* DetailViewController.m in Sources */,
				089E7A901DCDB9FE0092E020 /* MTSocketController.m in Sources */,
				089E7A881DCDB4560092E020 /* deviceString.m in Sources */,
				08E66A801DC8415800141A56 /* MasterViewController.m in Sources */,
			);
			runOnlyForDeploymentPostprocessing = 0;
		};
		08E0FA181DB5FE6B00FC03F0 /* Sources */ = {
			isa = PBXSourcesBuildPhase;
			buildActionMask = 2147483647;
			files = (
				08E0FA211DB5FE6B00FC03F0 /* frachiCustomizeTests.m in Sources */,
			);
			runOnlyForDeploymentPostprocessing = 0;
		};
		08E0FA231DB5FE6B00FC03F0 /* Sources */ = {
			isa = PBXSourcesBuildPhase;
			buildActionMask = 2147483647;
			files = (
				08E0FA2C1DB5FE6B00FC03F0 /* frachiCustomizeUITests.m in Sources */,
			);
			runOnlyForDeploymentPostprocessing = 0;
		};
/* End PBXSourcesBuildPhase section */

/* Begin PBXTargetDependency section */
		08E0FA1E1DB5FE6B00FC03F0 /* PBXTargetDependency */ = {
			isa = PBXTargetDependency;
			target = 08E0F9FF1DB5FE6900FC03F0 /* frachiCustomize */;
			targetProxy = 08E0FA1D1DB5FE6B00FC03F0 /* PBXContainerItemProxy */;
		};
		08E0FA291DB5FE6B00FC03F0 /* PBXTargetDependency */ = {
			isa = PBXTargetDependency;
			target = 08E0F9FF1DB5FE6900FC03F0 /* frachiCustomize */;
			targetProxy = 08E0FA281DB5FE6B00FC03F0 /* PBXContainerItemProxy */;
		};
/* End PBXTargetDependency section */

/* Begin PBXVariantGroup section */
		08E0FA0C1DB5FE6A00FC03F0 /* Main.storyboard */ = {
			isa = PBXVariantGroup;
			children = (
				08E0FA0D1DB5FE6A00FC03F0 /* Base */,
			);
			name = Main.storyboard;
			sourceTree = "<group>";
		};
		08E0FA141DB5FE6A00FC03F0 /* LaunchScreen.storyboard */ = {
			isa = PBXVariantGroup;
			children = (
				08E0FA151DB5FE6A00FC03F0 /* Base */,
			);
			name = LaunchScreen.storyboard;
			sourceTree = "<group>";
		};
/* End PBXVariantGroup section */

/* Begin XCBuildConfiguration section */
		08E0FA2E1DB5FE6B00FC03F0 /* Debug */ = {
			isa = XCBuildConfiguration;
			buildSettings = {
				ALWAYS_SEARCH_USER_PATHS = NO;
				CLANG_ANALYZER_NONNULL = YES;
				CLANG_CXX_LANGUAGE_STANDARD = "gnu++0x";
				CLANG_CXX_LIBRARY = "libc++";
				CLANG_ENABLE_MODULES = YES;
				CLANG_ENABLE_OBJC_ARC = YES;
				CLANG_WARN_BOOL_CONVERSION = YES;
				CLANG_WARN_CONSTANT_CONVERSION = YES;
				CLANG_WARN_DIRECT_OBJC_ISA_USAGE = YES_ERROR;
				CLANG_WARN_DOCUMENTATION_COMMENTS = YES;
				CLANG_WARN_EMPTY_BODY = YES;
				CLANG_WARN_ENUM_CONVERSION = YES;
				CLANG_WARN_INFINITE_RECURSION = YES;
				CLANG_WARN_INT_CONVERSION = YES;
				CLANG_WARN_OBJC_ROOT_CLASS = YES_ERROR;
				CLANG_WARN_SUSPICIOUS_MOVES = YES;
				CLANG_WARN_UNREACHABLE_CODE = YES;
				CLANG_WARN__DUPLICATE_METHOD_MATCH = YES;
				"CODE_SIGN_IDENTITY[sdk=iphoneos*]" = "iPhone Developer";
				COPY_PHASE_STRIP = NO;
				DEBUG_INFORMATION_FORMAT = dwarf;
				ENABLE_STRICT_OBJC_MSGSEND = YES;
				ENABLE_TESTABILITY = YES;
				GCC_C_LANGUAGE_STANDARD = gnu99;
				GCC_DYNAMIC_NO_PIC = NO;
				GCC_NO_COMMON_BLOCKS = YES;
				GCC_OPTIMIZATION_LEVEL = 0;
				GCC_PREPROCESSOR_DEFINITIONS = (
					"DEBUG=1",
					"$(inherited)",
				);
				GCC_WARN_64_TO_32_BIT_CONVERSION = YES;
				GCC_WARN_ABOUT_RETURN_TYPE = YES_ERROR;
				GCC_WARN_UNDECLARED_SELECTOR = YES;
				GCC_WARN_UNINITIALIZED_AUTOS = YES_AGGRESSIVE;
				GCC_WARN_UNUSED_FUNCTION = YES;
				GCC_WARN_UNUSED_VARIABLE = YES;
				IPHONEOS_DEPLOYMENT_TARGET = 10.0;
				MTL_ENABLE_DEBUG_INFO = YES;
				ONLY_ACTIVE_ARCH = YES;
				SDKROOT = iphoneos;
				TARGETED_DEVICE_FAMILY = 2;
			};
			name = Debug;
		};
		08E0FA2F1DB5FE6B00FC03F0 /* Release */ = {
			isa = XCBuildConfiguration;
			buildSettings = {
				ALWAYS_SEARCH_USER_PATHS = NO;
				CLANG_ANALYZER_NONNULL = YES;
				CLANG_CXX_LANGUAGE_STANDARD = "gnu++0x";
				CLANG_CXX_LIBRARY = "libc++";
				CLANG_ENABLE_MODULES = YES;
				CLANG_ENABLE_OBJC_ARC = YES;
				CLANG_WARN_BOOL_CONVERSION = YES;
				CLANG_WARN_CONSTANT_CONVERSION = YES;
				CLANG_WARN_DIRECT_OBJC_ISA_USAGE = YES_ERROR;
				CLANG_WARN_DOCUMENTATION_COMMENTS = YES;
				CLANG_WARN_EMPTY_BODY = YES;
				CLANG_WARN_ENUM_CONVERSION = YES;
				CLANG_WARN_INFINITE_RECURSION = YES;
				CLANG_WARN_INT_CONVERSION = YES;
				CLANG_WARN_OBJC_ROOT_CLASS = YES_ERROR;
				CLANG_WARN_SUSPICIOUS_MOVES = YES;
				CLANG_WARN_UNREACHABLE_CODE = YES;
				CLANG_WARN__DUPLICATE_METHOD_MATCH = YES;
				"CODE_SIGN_IDENTITY[sdk=iphoneos*]" = "iPhone Developer";
				COPY_PHASE_STRIP = NO;
				DEBUG_INFORMATION_FORMAT = "dwarf-with-dsym";
				ENABLE_NS_ASSERTIONS = NO;
				ENABLE_STRICT_OBJC_MSGSEND = YES;
				GCC_C_LANGUAGE_STANDARD = gnu99;
				GCC_NO_COMMON_BLOCKS = YES;
				GCC_WARN_64_TO_32_BIT_CONVERSION = YES;
				GCC_WARN_ABOUT_RETURN_TYPE = YES_ERROR;
				GCC_WARN_UNDECLARED_SELECTOR = YES;
				GCC_WARN_UNINITIALIZED_AUTOS = YES_AGGRESSIVE;
				GCC_WARN_UNUSED_FUNCTION = YES;
				GCC_WARN_UNUSED_VARIABLE = YES;
				IPHONEOS_DEPLOYMENT_TARGET = 10.0;
				MTL_ENABLE_DEBUG_INFO = NO;
				SDKROOT = iphoneos;
				TARGETED_DEVICE_FAMILY = 2;
				VALIDATE_PRODUCT = YES;
			};
			name = Release;
		};
		08E0FA311DB5FE6B00FC03F0 /* Debug */ = {
			isa = XCBuildConfiguration;
			buildSettings = {
				ALWAYS_SEARCH_USER_PATHS = NO;
				ASSETCATALOG_COMPILER_APPICON_NAME = AppIcon;
				CLANG_ENABLE_MODULES = YES;
				DEVELOPMENT_TEAM = L2G75RLFR3;
				ENABLE_BITCODE = NO;
				FRAMEWORK_SEARCH_PATHS = (
					"$(inherited)",
					"$(PROJECT_DIR)",
				);
				INFOPLIST_FILE = frachiCustomize/Info.plist;
				IPHONEOS_DEPLOYMENT_TARGET = 10.0;
				LD_RUNPATH_SEARCH_PATHS = "$(inherited) @executable_path/Frameworks";
				LIBRARY_SEARCH_PATHS = (
					"$(PROJECT_DIR)/frachiCustomize",
					"$(inherited)",
				);
				OTHER_LDFLAGS = "";
				PRODUCT_BUNDLE_IDENTIFIER = sj.mmt.frachiCustomize;
				PRODUCT_NAME = "$(TARGET_NAME)";
				SWIFT_OBJC_BRIDGING_HEADER = "frachiCustomize-Bridging-Header.h";
				SWIFT_OPTIMIZATION_LEVEL = "-Onone";
				SWIFT_VERSION = 3.0;
				TARGETED_DEVICE_FAMILY = 2;
			};
			name = Debug;
		};
		08E0FA321DB5FE6B00FC03F0 /* Release */ = {
			isa = XCBuildConfiguration;
			buildSettings = {
				ALWAYS_SEARCH_USER_PATHS = NO;
				ASSETCATALOG_COMPILER_APPICON_NAME = AppIcon;
				CLANG_ENABLE_MODULES = YES;
				DEVELOPMENT_TEAM = L2G75RLFR3;
				ENABLE_BITCODE = NO;
				FRAMEWORK_SEARCH_PATHS = (
					"$(inherited)",
					"$(PROJECT_DIR)",
				);
				INFOPLIST_FILE = frachiCustomize/Info.plist;
				IPHONEOS_DEPLOYMENT_TARGET = 10.0;
				LD_RUNPATH_SEARCH_PATHS = "$(inherited) @executable_path/Frameworks";
				LIBRARY_SEARCH_PATHS = (
					"$(PROJECT_DIR)/frachiCustomize",
					"$(inherited)",
				);
				OTHER_LDFLAGS = "";
				PRODUCT_BUNDLE_IDENTIFIER = sj.mmt.frachiCustomize;
				PRODUCT_NAME = "$(TARGET_NAME)";
				SWIFT_OBJC_BRIDGING_HEADER = "frachiCustomize-Bridging-Header.h";
				SWIFT_VERSION = 3.0;
				TARGETED_DEVICE_FAMILY = 2;
			};
			name = Release;
		};
		08E0FA341DB5FE6B00FC03F0 /* Debug */ = {
			isa = XCBuildConfiguration;
			buildSettings = {
				INFOPLIST_FILE = frachiCustomizeTests/Info.plist;
				LD_RUNPATH_SEARCH_PATHS = "$(inherited) @executable_path/Frameworks @loader_path/Frameworks";
				PRODUCT_BUNDLE_IDENTIFIER = sj.mmt.frachiCustomizeTests;
				PRODUCT_NAME = "$(TARGET_NAME)";
			};
			name = Debug;
		};
		08E0FA351DB5FE6B00FC03F0 /* Release */ = {
			isa = XCBuildConfiguration;
			buildSettings = {
				INFOPLIST_FILE = frachiCustomizeTests/Info.plist;
				LD_RUNPATH_SEARCH_PATHS = "$(inherited) @executable_path/Frameworks @loader_path/Frameworks";
				PRODUCT_BUNDLE_IDENTIFIER = sj.mmt.frachiCustomizeTests;
				PRODUCT_NAME = "$(TARGET_NAME)";
			};
			name = Release;
		};
		08E0FA371DB5FE6B00FC03F0 /* Debug */ = {
			isa = XCBuildConfiguration;
			buildSettings = {
				ENABLE_BITCODE = NO;
				FRAMEWORK_SEARCH_PATHS = (
					"$(inherited)",
					"$(PROJECT_DIR)",
				);
				INFOPLIST_FILE = frachiCustomizeUITests/Info.plist;
				LD_RUNPATH_SEARCH_PATHS = "$(inherited) @executable_path/Frameworks @loader_path/Frameworks";
				LIBRARY_SEARCH_PATHS = "";
				OTHER_LDFLAGS = "";
				PRODUCT_BUNDLE_IDENTIFIER = sj.mmt.frachiCustomizeUITests;
				PRODUCT_NAME = "$(TARGET_NAME)";
				PROVISIONING_PROFILE = "";
			};
			name = Debug;
		};
		08E0FA381DB5FE6B00FC03F0 /* Release */ = {
			isa = XCBuildConfiguration;
			buildSettings = {
				ENABLE_BITCODE = NO;
				FRAMEWORK_SEARCH_PATHS = (
					"$(inherited)",
					"$(PROJECT_DIR)",
				);
				INFOPLIST_FILE = frachiCustomizeUITests/Info.plist;
				LD_RUNPATH_SEARCH_PATHS = "$(inherited) @executable_path/Frameworks @loader_path/Frameworks";
				LIBRARY_SEARCH_PATHS = "";
				OTHER_LDFLAGS = "";
				PRODUCT_BUNDLE_IDENTIFIER = sj.mmt.frachiCustomizeUITests;
				PRODUCT_NAME = "$(TARGET_NAME)";
				PROVISIONING_PROFILE = "";
			};
			name = Release;
		};
/* End XCBuildConfiguration section */

/* Begin XCConfigurationList section */
		08E0F9FB1DB5FE6900FC03F0 /* Build configuration list for PBXProject "frachiCustomize" */ = {
			isa = XCConfigurationList;
			buildConfigurations = (
				08E0FA2E1DB5FE6B00FC03F0 /* Debug */,
				08E0FA2F1DB5FE6B00FC03F0 /* Release */,
			);
			defaultConfigurationIsVisible = 0;
			defaultConfigurationName = Release;
		};
		08E0FA301DB5FE6B00FC03F0 /* Build configuration list for PBXNativeTarget "frachiCustomize" */ = {
			isa = XCConfigurationList;
			buildConfigurations = (
				08E0FA311DB5FE6B00FC03F0 /* Debug */,
				08E0FA321DB5FE6B00FC03F0 /* Release */,
			);
			defaultConfigurationIsVisible = 0;
			defaultConfigurationName = Release;
		};
		08E0FA331DB5FE6B00FC03F0 /* Build configuration list for PBXNativeTarget "frachiCustomizeTests" */ = {
			isa = XCConfigurationList;
			buildConfigurations = (
				08E0FA341DB5FE6B00FC03F0 /* Debug */,
				08E0FA351DB5FE6B00FC03F0 /* Release */,
			);
			defaultConfigurationIsVisible = 0;
			defaultConfigurationName = Release;
		};
		08E0FA361DB5FE6B00FC03F0 /* Build configuration list for PBXNativeTarget "frachiCustomizeUITests" */ = {
			isa = XCConfigurationList;
			buildConfigurations = (
				08E0FA371DB5FE6B00FC03F0 /* Debug */,
				08E0FA381DB5FE6B00FC03F0 /* Release */,
			);
			defaultConfigurationIsVisible = 0;
			defaultConfigurationName = Release;
		};
/* End XCConfigurationList section */
	};
	rootObject = 08E0F9F81DB5FE6900FC03F0 /* Project object */;
}
